
Microsoft Visual Studio Solution File, Format Version 12.00
# Visual Studio Version 17
VisualStudioVersion = 17.4.33122.133
MinimumVisualStudioVersion = 10.0.40219.1
Project("{FAE04EC0-301F-11D3-BF4B-00C04F79EFBC}") = "Company.API", "Company.API\Company.API.csproj", "{129F6FBB-C85C-4C18-B3A6-8DE40E35FBB6}"
EndProject
Project("{FAE04EC0-301F-11D3-BF4B-00C04F79EFBC}") = "Company.Common", "Company.Common\Company.Common.csproj", "{70501C36-1EA2-42B5-A500-EA969FB24E74}"
EndProject
Project("{FAE04EC0-301F-11D3-BF4B-00C04F79EFBC}") = "Company.Data", "Company.Data\Company.Data.csproj", "{79A6178E-9153-435C-B523-227403FC458E}"
EndProject
Global
	GlobalSection(SolutionConfigurationPlatforms) = preSolution
		Debug|Any CPU = Debug|Any CPU
		Release|Any CPU = Release|Any CPU
	EndGlobalSection
	GlobalSection(ProjectConfigurationPlatforms) = postSolution
		{129F6FBB-C85C-4C18-B3A6-8DE40E35FBB6}.Debug|Any CPU.ActiveCfg = Debug|Any CPU
		{129F6FBB-C85C-4C18-B3A6-8DE40E35FBB6}.Debug|Any CPU.Build.0 = Debug|Any CPU
		{129F6FBB-C85C-4C18-B3A6-8DE40E35FBB6}.Release|Any CPU.ActiveCfg = Release|Any CPU
		{129F6FBB-C85C-4C18-B3A6-8DE40E35FBB6}.Release|Any CPU.Build.0 = Release|Any CPU
		{70501C36-1EA2-42B5-A500-EA969FB24E74}.Debug|Any CPU.ActiveCfg = Debug|Any CPU
		{70501C36-1EA2-42B5-A500-EA969FB24E74}.Debug|Any CPU.Build.0 = Debug|Any CPU
		{70501C36-1EA2-42B5-A500-EA969FB24E74}.Release|Any CPU.ActiveCfg = Release|Any CPU
		{70501C36-1EA2-42B5-A500-EA969FB24E74}.Release|Any CPU.Build.0 = Release|Any CPU
		{79A6178E-9153-435C-B523-227403FC458E}.Debug|Any CPU.ActiveCfg = Debug|Any CPU
		{79A6178E-9153-435C-B523-227403FC458E}.Debug|Any CPU.Build.0 = Debug|Any CPU
		{79A6178E-9153-435C-B523-227403FC458E}.Release|Any CPU.ActiveCfg = Release|Any CPU
		{79A6178E-9153-435C-B523-227403FC458E}.Release|Any CPU.Build.0 = Release|Any CPU
	EndGlobalSection
	GlobalSection(SolutionProperties) = preSolution
		HideSolutionNode = FALSE
	EndGlobalSection
	GlobalSection(ExtensibilityGlobals) = postSolution
		SolutionGuid = {F7915925-6A39-47FF-87DB-55585F6E500D}
	EndGlobalSection
EndGlobal
